<Solution>
  <Project Path="AuctionsSystem.AccountService.Api/AuctionsSystem.AccountService.Api.csproj" />
  <Project Path="AuctionsSystem.AccountService.Application/AuctionsSystem.AccountService.Application.csproj" />
  <Project Path="AuctionsSystem.AccountService.Domain/AuctionsSystem.AccountService.Domain.csproj" />
  <Project Path="AuctionsSystem.AccountService.Infrastructure/AuctionsSystem.AccountService.Infrastructure.csproj" />
  <Project Path="AuctionsSystem.AccountService.Tests/AuctionsSystem.AccountService.Tests.csproj" />
  <Project Path="docker-compose.dcproj">
    <Build />
  </Project>
</Solution>
